// !$*UTF8*$!
{
	archiveVersion = 1;
	classes = {
	};
	objectVersion = 54;
	objects = {

/* Begin PBXBuildFile section */
		00E356F31AD99517003FC87E /* HauvaTests.m in Sources */ = {isa = PBXBuildFile; fileRef = 00E356F21AD99517003FC87E /* HauvaTests.m */; };
		13B07FBC1A68108700A75B9A /* AppDelegate.m in Sources */ = {isa = PBXBuildFile; fileRef = 13B07FB01A68108700A75B9A /* AppDelegate.m */; };
		13B07FBF1A68108700A75B9A /* Images.xcassets in Resources */ = {isa = PBXBuildFile; fileRef = 13B07FB51A68108700A75B9A /* Images.xcassets */; };
		13B07FC11A68108700A75B9A /* main.m in Sources */ = {isa = PBXBuildFile; fileRef = 13B07FB71A68108700A75B9A /* main.m */; };
		7629AA877B257252F100A149 /* libPods-Hauva-HauvaTests.a in Frameworks */ = {isa = PBXBuildFile; fileRef = 04649FA1F8FB394664E9DC61 /* libPods-Hauva-HauvaTests.a */; };
		81AB9BB82411601600AC10FF /* LaunchScreen.storyboard in Resources */ = {isa = PBXBuildFile; fileRef = 81AB9BB72411601600AC10FF /* LaunchScreen.storyboard */; };
		99F8903368D39DD86F2EB813 /* libPods-Hauva.a in Frameworks */ = {isa = PBXBuildFile; fileRef = CC7B139A223D4A0159B3CFBB /* libPods-Hauva.a */; };
		7CFCB2549F6C4F5CA2E8D876 /* BeVietnamPro-Black.ttf in Resources */ = {isa = PBXBuildFile; fileRef = 4ADF8FCC50AC429BB12DB29C /* BeVietnamPro-Black.ttf */; };
		E0E5E40DFF094748944F25C4 /* BeVietnamPro-BlackItalic.ttf in Resources */ = {isa = PBXBuildFile; fileRef = DCCDCA1AA54E4962B59827FB /* BeVietnamPro-BlackItalic.ttf */; };
		AE11531D1EC1464595FF3007 /* BeVietnamPro-Bold.ttf in Resources */ = {isa = PBXBuildFile; fileRef = F03918C558814460B0911C7C /* BeVietnamPro-Bold.ttf */; };
		E01352BCF8754E63ACA0C47C /* BeVietnamPro-BoldItalic.ttf in Resources */ = {isa = PBXBuildFile; fileRef = 0ECFAE740DB54AFF9E2D60E6 /* BeVietnamPro-BoldItalic.ttf */; };
		75685ECFF38A4290B09BB52D /* BeVietnamPro-ExtraBold.ttf in Resources */ = {isa = PBXBuildFile; fileRef = B3EE10ED3DA545A5AA22C14F /* BeVietnamPro-ExtraBold.ttf */; };
		79A89D58071B4AF7B92C86C5 /* BeVietnamPro-ExtraBoldItalic.ttf in Resources */ = {isa = PBXBuildFile; fileRef = DC65495D051347B7A202936D /* BeVietnamPro-ExtraBoldItalic.ttf */; };
		2DEEF80EE3D74DC5BBE4F7BE /* BeVietnamPro-ExtraLight.ttf in Resources */ = {isa = PBXBuildFile; fileRef = 46FD926729DE41678720C8F4 /* BeVietnamPro-ExtraLight.ttf */; };
		10BBDB2CC90E4F05979EC092 /* BeVietnamPro-ExtraLightItalic.ttf in Resources */ = {isa = PBXBuildFile; fileRef = 10307FCAFA2143D1A8C74A3A /* BeVietnamPro-ExtraLightItalic.ttf */; };
		BE0AB2F583104A96910783EE /* BeVietnamPro-Italic.ttf in Resources */ = {isa = PBXBuildFile; fileRef = 49F4B5E953D645E0821820B8 /* BeVietnamPro-Italic.ttf */; };
		82F264F347B2463A88E9E50D /* BeVietnamPro-Light.ttf in Resources */ = {isa = PBXBuildFile; fileRef = 370A859B4F3D40639F6162F6 /* BeVietnamPro-Light.ttf */; };
		49EF92D8EDCE48EBAE1945B1 /* BeVietnamPro-LightItalic.ttf in Resources */ = {isa = PBXBuildFile; fileRef = AAB4E3084DEE40CFBFE09E7B /* BeVietnamPro-LightItalic.ttf */; };
		ED130BFE422B4A838D523D58 /* BeVietnamPro-Medium.ttf in Resources */ = {isa = PBXBuildFile; fileRef = F6A75EC5D8B54A799663350C /* BeVietnamPro-Medium.ttf */; };
		BCB9E2E861AA4048825B7C25 /* BeVietnamPro-MediumItalic.ttf in Resources */ = {isa = PBXBuildFile; fileRef = C3F17211CB344CF7981A2ABC /* BeVietnamPro-MediumItalic.ttf */; };
		46628D0F8D044A6AA8D87B55 /* BeVietnamPro-Regular.ttf in Resources */ = {isa = PBXBuildFile; fileRef = A427A1C16A8E476FAADC5183 /* BeVietnamPro-Regular.ttf */; };
		4035431F3AAC4A18A5B7F3AA /* BeVietnamPro-SemiBold.ttf in Resources */ = {isa = PBXBuildFile; fileRef = 9FCEAA024DB04E038EF055A8 /* BeVietnamPro-SemiBold.ttf */; };
		A3E7EEE6D13B49CF8F1E9709 /* BeVietnamPro-SemiBoldItalic.ttf in Resources */ = {isa = PBXBuildFile; fileRef = 8D8824C2FCA3416FBD91B3B1 /* BeVietnamPro-SemiBoldItalic.ttf */; };
		97ACFE66FF5945D7B1CDF061 /* BeVietnamPro-Thin.ttf in Resources */ = {isa = PBXBuildFile; fileRef = 7D6AA54244B0455DA57B2928 /* BeVietnamPro-Thin.ttf */; };
		562097AC58AD48A9947273F7 /* BeVietnamPro-ThinItalic.ttf in Resources */ = {isa = PBXBuildFile; fileRef = 29EE888CDF0D485AA9776DB1 /* BeVietnamPro-ThinItalic.ttf */; };
		2F0D3592C111425F9820B609 /* AntDesign.ttf in Resources */ = {isa = PBXBuildFile; fileRef = 4E3EC661ABD34AF28EB1D3C7 /* AntDesign.ttf */; };
		767ACD02B8E14C10B8B6597D /* Entypo.ttf in Resources */ = {isa = PBXBuildFile; fileRef = ED654FC69FFC44A6881023DC /* Entypo.ttf */; };
		6E07A82F5E4543BF87475074 /* EvilIcons.ttf in Resources */ = {isa = PBXBuildFile; fileRef = C6F3D26330CA4AB0873097D9 /* EvilIcons.ttf */; };
		D5A9AFB399104AB19C7F6851 /* Feather.ttf in Resources */ = {isa = PBXBuildFile; fileRef = 41A7DE65C0254A9B80BB6F73 /* Feather.ttf */; };
		0D66845450984C4BB779CFC1 /* FontAwesome.ttf in Resources */ = {isa = PBXBuildFile; fileRef = 868CF26F5B4147ABB64D32BD /* FontAwesome.ttf */; };
		8C290CCE97954C599E653914 /* FontAwesome5_Brands.ttf in Resources */ = {isa = PBXBuildFile; fileRef = D8872D91FFC54A90B1DF9B08 /* FontAwesome5_Brands.ttf */; };
		793DC57DDC9C4B3488EABBCC /* FontAwesome5_Regular.ttf in Resources */ = {isa = PBXBuildFile; fileRef = 62972F94ECAB46CBA8A7B83F /* FontAwesome5_Regular.ttf */; };
		2E41C75E8F3444A68A3FA956 /* FontAwesome5_Solid.ttf in Resources */ = {isa = PBXBuildFile; fileRef = B2C140E622FB41F09DEE994E /* FontAwesome5_Solid.ttf */; };
		1451FD5ECB044A3392FFB7BA /* Fontisto.ttf in Resources */ = {isa = PBXBuildFile; fileRef = DA15D282AE7141B3AEBE42B1 /* Fontisto.ttf */; };
		85EE1C50DFE749CDA5960670 /* Foundation.ttf in Resources */ = {isa = PBXBuildFile; fileRef = EA7F1BF7E0D34B7E9FF93755 /* Foundation.ttf */; };
		5C43AFFDFE944A30BB35F7CE /* Ionicons.ttf in Resources */ = {isa = PBXBuildFile; fileRef = 2D3C59853CBE43108314D4ED /* Ionicons.ttf */; };
		BD18B63395AE4F68BF188F9A /* MaterialCommunityIcons.ttf in Resources */ = {isa = PBXBuildFile; fileRef = 50BF1425746B4B17981D0FCF /* MaterialCommunityIcons.ttf */; };
		C83D4A5D6BF44DF0BB8AC884 /* MaterialIcons.ttf in Resources */ = {isa = PBXBuildFile; fileRef = F5CED468F0BE41948BB70B17 /* MaterialIcons.ttf */; };
		13827E10DEB24CAA9304E46F /* Octicons.ttf in Resources */ = {isa = PBXBuildFile; fileRef = 03F566CDA59749838FAEB46B /* Octicons.ttf */; };
		744A71E59D0F4AB588369C5B /* SimpleLineIcons.ttf in Resources */ = {isa = PBXBuildFile; fileRef = D491C09DE7364C81B0547EE3 /* SimpleLineIcons.ttf */; };
		993E3855F59D4CC69803C40B /* Zocial.ttf in Resources */ = {isa = PBXBuildFile; fileRef = C26BF8EA53274559BA7717E5 /* Zocial.ttf */; };
/* End PBXBuildFile section */

/* Begin PBXContainerItemProxy section */
		00E356F41AD99517003FC87E /* PBXContainerItemProxy */ = {
			isa = PBXContainerItemProxy;
			containerPortal = 83CBB9F71A601CBA00E9B192 /* Project object */;
			proxyType = 1;
			remoteGlobalIDString = 13B07F861A680F5B00A75B9A;
			remoteInfo = Hauva;
		};
/* End PBXContainerItemProxy section */

/* Begin PBXFileReference section */
		00E356EE1AD99517003FC87E /* HauvaTests.xctest */ = {isa = PBXFileReference; explicitFileType = wrapper.cfbundle; includeInIndex = 0; path = HauvaTests.xctest; sourceTree = BUILT_PRODUCTS_DIR; };
		00E356F11AD99517003FC87E /* Info.plist */ = {isa = PBXFileReference; lastKnownFileType = text.plist.xml; path = Info.plist; sourceTree = "<group>"; };
		00E356F21AD99517003FC87E /* HauvaTests.m */ = {isa = PBXFileReference; lastKnownFileType = sourcecode.c.objc; path = HauvaTests.m; sourceTree = "<group>"; };
		04649FA1F8FB394664E9DC61 /* libPods-Hauva-HauvaTests.a */ = {isa = PBXFileReference; explicitFileType = archive.ar; includeInIndex = 0; path = "libPods-Hauva-HauvaTests.a"; sourceTree = BUILT_PRODUCTS_DIR; };
		13B07F961A680F5B00A75B9A /* Hauva.app */ = {isa = PBXFileReference; explicitFileType = wrapper.application; includeInIndex = 0; path = Hauva.app; sourceTree = BUILT_PRODUCTS_DIR; };
		13B07FAF1A68108700A75B9A /* AppDelegate.h */ = {isa = PBXFileReference; fileEncoding = 4; lastKnownFileType = sourcecode.c.h; name = AppDelegate.h; path = Hauva/AppDelegate.h; sourceTree = "<group>"; };
		13B07FB01A68108700A75B9A /* AppDelegate.m */ = {isa = PBXFileReference; fileEncoding = 4; lastKnownFileType = sourcecode.c.objc; name = AppDelegate.m; path = Hauva/AppDelegate.m; sourceTree = "<group>"; };
		13B07FB51A68108700A75B9A /* Images.xcassets */ = {isa = PBXFileReference; lastKnownFileType = folder.assetcatalog; name = Images.xcassets; path = Hauva/Images.xcassets; sourceTree = "<group>"; };
		13B07FB61A68108700A75B9A /* Info.plist */ = {isa = PBXFileReference; fileEncoding = 4; lastKnownFileType = text.plist.xml; name = Info.plist; path = Hauva/Info.plist; sourceTree = "<group>"; };
		13B07FB71A68108700A75B9A /* main.m */ = {isa = PBXFileReference; fileEncoding = 4; lastKnownFileType = sourcecode.c.objc; name = main.m; path = Hauva/main.m; sourceTree = "<group>"; };
		66C8E75626ED223A1D69E006 /* Pods-Hauva-HauvaTests.debug.xcconfig */ = {isa = PBXFileReference; includeInIndex = 1; lastKnownFileType = text.xcconfig; name = "Pods-Hauva-HauvaTests.debug.xcconfig"; path = "Target Support Files/Pods-Hauva-HauvaTests/Pods-Hauva-HauvaTests.debug.xcconfig"; sourceTree = "<group>"; };
		7347618D1DCFCB62028678A0 /* Pods-Hauva-HauvaTests.release.xcconfig */ = {isa = PBXFileReference; includeInIndex = 1; lastKnownFileType = text.xcconfig; name = "Pods-Hauva-HauvaTests.release.xcconfig"; path = "Target Support Files/Pods-Hauva-HauvaTests/Pods-Hauva-HauvaTests.release.xcconfig"; sourceTree = "<group>"; };
		81AB9BB72411601600AC10FF /* LaunchScreen.storyboard */ = {isa = PBXFileReference; fileEncoding = 4; lastKnownFileType = file.storyboard; name = LaunchScreen.storyboard; path = Hauva/LaunchScreen.storyboard; sourceTree = "<group>"; };
		8BBBB3F1C2C3563C9E694442 /* Pods-Hauva.debug.xcconfig */ = {isa = PBXFileReference; includeInIndex = 1; lastKnownFileType = text.xcconfig; name = "Pods-Hauva.debug.xcconfig"; path = "Target Support Files/Pods-Hauva/Pods-Hauva.debug.xcconfig"; sourceTree = "<group>"; };
		CA8656CD8F7C657AB8B9D055 /* Pods-Hauva.release.xcconfig */ = {isa = PBXFileReference; includeInIndex = 1; lastKnownFileType = text.xcconfig; name = "Pods-Hauva.release.xcconfig"; path = "Target Support Files/Pods-Hauva/Pods-Hauva.release.xcconfig"; sourceTree = "<group>"; };
		CC7B139A223D4A0159B3CFBB /* libPods-Hauva.a */ = {isa = PBXFileReference; explicitFileType = archive.ar; includeInIndex = 0; path = "libPods-Hauva.a"; sourceTree = BUILT_PRODUCTS_DIR; };
		ED297162215061F000B7C4FE /* JavaScriptCore.framework */ = {isa = PBXFileReference; lastKnownFileType = wrapper.framework; name = JavaScriptCore.framework; path = System/Library/Frameworks/JavaScriptCore.framework; sourceTree = SDKROOT; };
		4ADF8FCC50AC429BB12DB29C /* BeVietnamPro-Black.ttf */ = {isa = PBXFileReference; name = "BeVietnamPro-Black.ttf"; path = "../Src/Assets/fonts/BeVietnamPro-Black.ttf"; sourceTree = "<group>"; fileEncoding = undefined; lastKnownFileType = unknown; explicitFileType = undefined; includeInIndex = 0; };
		DCCDCA1AA54E4962B59827FB /* BeVietnamPro-BlackItalic.ttf */ = {isa = PBXFileReference; name = "BeVietnamPro-BlackItalic.ttf"; path = "../Src/Assets/fonts/BeVietnamPro-BlackItalic.ttf"; sourceTree = "<group>"; fileEncoding = undefined; lastKnownFileType = unknown; explicitFileType = undefined; includeInIndex = 0; };
		F03918C558814460B0911C7C /* BeVietnamPro-Bold.ttf */ = {isa = PBXFileReference; name = "BeVietnamPro-Bold.ttf"; path = "../Src/Assets/fonts/BeVietnamPro-Bold.ttf"; sourceTree = "<group>"; fileEncoding = undefined; lastKnownFileType = unknown; explicitFileType = undefined; includeInIndex = 0; };
		0ECFAE740DB54AFF9E2D60E6 /* BeVietnamPro-BoldItalic.ttf */ = {isa = PBXFileReference; name = "BeVietnamPro-BoldItalic.ttf"; path = "../Src/Assets/fonts/BeVietnamPro-BoldItalic.ttf"; sourceTree = "<group>"; fileEncoding = undefined; lastKnownFileType = unknown; explicitFileType = undefined; includeInIndex = 0; };
		B3EE10ED3DA545A5AA22C14F /* BeVietnamPro-ExtraBold.ttf */ = {isa = PBXFileReference; name = "BeVietnamPro-ExtraBold.ttf"; path = "../Src/Assets/fonts/BeVietnamPro-ExtraBold.ttf"; sourceTree = "<group>"; fileEncoding = undefined; lastKnownFileType = unknown; explicitFileType = undefined; includeInIndex = 0; };
		DC65495D051347B7A202936D /* BeVietnamPro-ExtraBoldItalic.ttf */ = {isa = PBXFileReference; name = "BeVietnamPro-ExtraBoldItalic.ttf"; path = "../Src/Assets/fonts/BeVietnamPro-ExtraBoldItalic.ttf"; sourceTree = "<group>"; fileEncoding = undefined; lastKnownFileType = unknown; explicitFileType = undefined; includeInIndex = 0; };
		46FD926729DE41678720C8F4 /* BeVietnamPro-ExtraLight.ttf */ = {isa = PBXFileReference; name = "BeVietnamPro-ExtraLight.ttf"; path = "../Src/Assets/fonts/BeVietnamPro-ExtraLight.ttf"; sourceTree = "<group>"; fileEncoding = undefined; lastKnownFileType = unknown; explicitFileType = undefined; includeInIndex = 0; };
		10307FCAFA2143D1A8C74A3A /* BeVietnamPro-ExtraLightItalic.ttf */ = {isa = PBXFileReference; name = "BeVietnamPro-ExtraLightItalic.ttf"; path = "../Src/Assets/fonts/BeVietnamPro-ExtraLightItalic.ttf"; sourceTree = "<group>"; fileEncoding = undefined; lastKnownFileType = unknown; explicitFileType = undefined; includeInIndex = 0; };
		49F4B5E953D645E0821820B8 /* BeVietnamPro-Italic.ttf */ = {isa = PBXFileReference; name = "BeVietnamPro-Italic.ttf"; path = "../Src/Assets/fonts/BeVietnamPro-Italic.ttf"; sourceTree = "<group>"; fileEncoding = undefined; lastKnownFileType = unknown; explicitFileType = undefined; includeInIndex = 0; };
		370A859B4F3D40639F6162F6 /* BeVietnamPro-Light.ttf */ = {isa = PBXFileReference; name = "BeVietnamPro-Light.ttf"; path = "../Src/Assets/fonts/BeVietnamPro-Light.ttf"; sourceTree = "<group>"; fileEncoding = undefined; lastKnownFileType = unknown; explicitFileType = undefined; includeInIndex = 0; };
		AAB4E3084DEE40CFBFE09E7B /* BeVietnamPro-LightItalic.ttf */ = {isa = PBXFileReference; name = "BeVietnamPro-LightItalic.ttf"; path = "../Src/Assets/fonts/BeVietnamPro-LightItalic.ttf"; sourceTree = "<group>"; fileEncoding = undefined; lastKnownFileType = unknown; explicitFileType = undefined; includeInIndex = 0; };
		F6A75EC5D8B54A799663350C /* BeVietnamPro-Medium.ttf */ = {isa = PBXFileReference; name = "BeVietnamPro-Medium.ttf"; path = "../Src/Assets/fonts/BeVietnamPro-Medium.ttf"; sourceTree = "<group>"; fileEncoding = undefined; lastKnownFileType = unknown; explicitFileType = undefined; includeInIndex = 0; };
		C3F17211CB344CF7981A2ABC /* BeVietnamPro-MediumItalic.ttf */ = {isa = PBXFileReference; name = "BeVietnamPro-MediumItalic.ttf"; path = "../Src/Assets/fonts/BeVietnamPro-MediumItalic.ttf"; sourceTree = "<group>"; fileEncoding = undefined; lastKnownFileType = unknown; explicitFileType = undefined; includeInIndex = 0; };
		A427A1C16A8E476FAADC5183 /* BeVietnamPro-Regular.ttf */ = {isa = PBXFileReference; name = "BeVietnamPro-Regular.ttf"; path = "../Src/Assets/fonts/BeVietnamPro-Regular.ttf"; sourceTree = "<group>"; fileEncoding = undefined; lastKnownFileType = unknown; explicitFileType = undefined; includeInIndex = 0; };
		9FCEAA024DB04E038EF055A8 /* BeVietnamPro-SemiBold.ttf */ = {isa = PBXFileReference; name = "BeVietnamPro-SemiBold.ttf"; path = "../Src/Assets/fonts/BeVietnamPro-SemiBold.ttf"; sourceTree = "<group>"; fileEncoding = undefined; lastKnownFileType = unknown; explicitFileType = undefined; includeInIndex = 0; };
		8D8824C2FCA3416FBD91B3B1 /* BeVietnamPro-SemiBoldItalic.ttf */ = {isa = PBXFileReference; name = "BeVietnamPro-SemiBoldItalic.ttf"; path = "../Src/Assets/fonts/BeVietnamPro-SemiBoldItalic.ttf"; sourceTree = "<group>"; fileEncoding = undefined; lastKnownFileType = unknown; explicitFileType = undefined; includeInIndex = 0; };
		7D6AA54244B0455DA57B2928 /* BeVietnamPro-Thin.ttf */ = {isa = PBXFileReference; name = "BeVietnamPro-Thin.ttf"; path = "../Src/Assets/fonts/BeVietnamPro-Thin.ttf"; sourceTree = "<group>"; fileEncoding = undefined; lastKnownFileType = unknown; explicitFileType = undefined; includeInIndex = 0; };
		29EE888CDF0D485AA9776DB1 /* BeVietnamPro-ThinItalic.ttf */ = {isa = PBXFileReference; name = "BeVietnamPro-ThinItalic.ttf"; path = "../Src/Assets/fonts/BeVietnamPro-ThinItalic.ttf"; sourceTree = "<group>"; fileEncoding = undefined; lastKnownFileType = unknown; explicitFileType = undefined; includeInIndex = 0; };
		4E3EC661ABD34AF28EB1D3C7 /* AntDesign.ttf */ = {isa = PBXFileReference; name = "AntDesign.ttf"; path = "../node_modules/react-native-vector-icons/Fonts/AntDesign.ttf"; sourceTree = "<group>"; fileEncoding = undefined; lastKnownFileType = unknown; explicitFileType = undefined; includeInIndex = 0; };
		ED654FC69FFC44A6881023DC /* Entypo.ttf */ = {isa = PBXFileReference; name = "Entypo.ttf"; path = "../node_modules/react-native-vector-icons/Fonts/Entypo.ttf"; sourceTree = "<group>"; fileEncoding = undefined; lastKnownFileType = unknown; explicitFileType = undefined; includeInIndex = 0; };
		C6F3D26330CA4AB0873097D9 /* EvilIcons.ttf */ = {isa = PBXFileReference; name = "EvilIcons.ttf"; path = "../node_modules/react-native-vector-icons/Fonts/EvilIcons.ttf"; sourceTree = "<group>"; fileEncoding = undefined; lastKnownFileType = unknown; explicitFileType = undefined; includeInIndex = 0; };
		41A7DE65C0254A9B80BB6F73 /* Feather.ttf */ = {isa = PBXFileReference; name = "Feather.ttf"; path = "../node_modules/react-native-vector-icons/Fonts/Feather.ttf"; sourceTree = "<group>"; fileEncoding = undefined; lastKnownFileType = unknown; explicitFileType = undefined; includeInIndex = 0; };
		868CF26F5B4147ABB64D32BD /* FontAwesome.ttf */ = {isa = PBXFileReference; name = "FontAwesome.ttf"; path = "../node_modules/react-native-vector-icons/Fonts/FontAwesome.ttf"; sourceTree = "<group>"; fileEncoding = undefined; lastKnownFileType = unknown; explicitFileType = undefined; includeInIndex = 0; };
		D8872D91FFC54A90B1DF9B08 /* FontAwesome5_Brands.ttf */ = {isa = PBXFileReference; name = "FontAwesome5_Brands.ttf"; path = "../node_modules/react-native-vector-icons/Fonts/FontAwesome5_Brands.ttf"; sourceTree = "<group>"; fileEncoding = undefined; lastKnownFileType = unknown; explicitFileType = undefined; includeInIndex = 0; };
		62972F94ECAB46CBA8A7B83F /* FontAwesome5_Regular.ttf */ = {isa = PBXFileReference; name = "FontAwesome5_Regular.ttf"; path = "../node_modules/react-native-vector-icons/Fonts/FontAwesome5_Regular.ttf"; sourceTree = "<group>"; fileEncoding = undefined; lastKnownFileType = unknown; explicitFileType = undefined; includeInIndex = 0; };
		B2C140E622FB41F09DEE994E /* FontAwesome5_Solid.ttf */ = {isa = PBXFileReference; name = "FontAwesome5_Solid.ttf"; path = "../node_modules/react-native-vector-icons/Fonts/FontAwesome5_Solid.ttf"; sourceTree = "<group>"; fileEncoding = undefined; lastKnownFileType = unknown; explicitFileType = undefined; includeInIndex = 0; };
		DA15D282AE7141B3AEBE42B1 /* Fontisto.ttf */ = {isa = PBXFileReference; name = "Fontisto.ttf"; path = "../node_modules/react-native-vector-icons/Fonts/Fontisto.ttf"; sourceTree = "<group>"; fileEncoding = undefined; lastKnownFileType = unknown; explicitFileType = undefined; includeInIndex = 0; };
		EA7F1BF7E0D34B7E9FF93755 /* Foundation.ttf */ = {isa = PBXFileReference; name = "Foundation.ttf"; path = "../node_modules/react-native-vector-icons/Fonts/Foundation.ttf"; sourceTree = "<group>"; fileEncoding = undefined; lastKnownFileType = unknown; explicitFileType = undefined; includeInIndex = 0; };
		2D3C59853CBE43108314D4ED /* Ionicons.ttf */ = {isa = PBXFileReference; name = "Ionicons.ttf"; path = "../node_modules/react-native-vector-icons/Fonts/Ionicons.ttf"; sourceTree = "<group>"; fileEncoding = undefined; lastKnownFileType = unknown; explicitFileType = undefined; includeInIndex = 0; };
		50BF1425746B4B17981D0FCF /* MaterialCommunityIcons.ttf */ = {isa = PBXFileReference; name = "MaterialCommunityIcons.ttf"; path = "../node_modules/react-native-vector-icons/Fonts/MaterialCommunityIcons.ttf"; sourceTree = "<group>"; fileEncoding = undefined; lastKnownFileType = unknown; explicitFileType = undefined; includeInIndex = 0; };
		F5CED468F0BE41948BB70B17 /* MaterialIcons.ttf */ = {isa = PBXFileReference; name = "MaterialIcons.ttf"; path = "../node_modules/react-native-vector-icons/Fonts/MaterialIcons.ttf"; sourceTree = "<group>"; fileEncoding = undefined; lastKnownFileType = unknown; explicitFileType = undefined; includeInIndex = 0; };
		03F566CDA59749838FAEB46B /* Octicons.ttf */ = {isa = PBXFileReference; name = "Octicons.ttf"; path = "../node_modules/react-native-vector-icons/Fonts/Octicons.ttf"; sourceTree = "<group>"; fileEncoding = undefined; lastKnownFileType = unknown; explicitFileType = undefined; includeInIndex = 0; };
		D491C09DE7364C81B0547EE3 /* SimpleLineIcons.ttf */ = {isa = PBXFileReference; name = "SimpleLineIcons.ttf"; path = "../node_modules/react-native-vector-icons/Fonts/SimpleLineIcons.ttf"; sourceTree = "<group>"; fileEncoding = undefined; lastKnownFileType = unknown; explicitFileType = undefined; includeInIndex = 0; };
		C26BF8EA53274559BA7717E5 /* Zocial.ttf */ = {isa = PBXFileReference; name = "Zocial.ttf"; path = "../node_modules/react-native-vector-icons/Fonts/Zocial.ttf"; sourceTree = "<group>"; fileEncoding = undefined; lastKnownFileType = unknown; explicitFileType = undefined; includeInIndex = 0; };
/* End PBXFileReference section */

/* Begin PBXFrameworksBuildPhase section */
		00E356EB1AD99517003FC87E /* Frameworks */ = {
			isa = PBXFrameworksBuildPhase;
			buildActionMask = 2147483647;
			files = (
				7629AA877B257252F100A149 /* libPods-Hauva-HauvaTests.a in Frameworks */,
			);
			runOnlyForDeploymentPostprocessing = 0;
		};
		13B07F8C1A680F5B00A75B9A /* Frameworks */ = {
			isa = PBXFrameworksBuildPhase;
			buildActionMask = 2147483647;
			files = (
				99F8903368D39DD86F2EB813 /* libPods-Hauva.a in Frameworks */,
			);
			runOnlyForDeploymentPostprocessing = 0;
		};
/* End PBXFrameworksBuildPhase section */

/* Begin PBXGroup section */
		00E356EF1AD99517003FC87E /* HauvaTests */ = {
			isa = PBXGroup;
			children = (
				00E356F21AD99517003FC87E /* HauvaTests.m */,
				00E356F01AD99517003FC87E /* Supporting Files */,
			);
			path = HauvaTests;
			sourceTree = "<group>";
		};
		00E356F01AD99517003FC87E /* Supporting Files */ = {
			isa = PBXGroup;
			children = (
				00E356F11AD99517003FC87E /* Info.plist */,
			);
			name = "Supporting Files";
			sourceTree = "<group>";
		};
		13B07FAE1A68108700A75B9A /* Hauva */ = {
			isa = PBXGroup;
			children = (
				13B07FAF1A68108700A75B9A /* AppDelegate.h */,
				13B07FB01A68108700A75B9A /* AppDelegate.m */,
				13B07FB51A68108700A75B9A /* Images.xcassets */,
				13B07FB61A68108700A75B9A /* Info.plist */,
				81AB9BB72411601600AC10FF /* LaunchScreen.storyboard */,
				13B07FB71A68108700A75B9A /* main.m */,
			);
			name = Hauva;
			sourceTree = "<group>";
		};
		2D16E6871FA4F8E400B85C8A /* Frameworks */ = {
			isa = PBXGroup;
			children = (
				ED297162215061F000B7C4FE /* JavaScriptCore.framework */,
				CC7B139A223D4A0159B3CFBB /* libPods-Hauva.a */,
				04649FA1F8FB394664E9DC61 /* libPods-Hauva-HauvaTests.a */,
			);
			name = Frameworks;
			sourceTree = "<group>";
		};
		832341AE1AAA6A7D00B99B32 /* Libraries */ = {
			isa = PBXGroup;
			children = (
			);
			name = Libraries;
			sourceTree = "<group>";
		};
		83CBB9F61A601CBA00E9B192 = {
			isa = PBXGroup;
			children = (
				13B07FAE1A68108700A75B9A /* Hauva */,
				832341AE1AAA6A7D00B99B32 /* Libraries */,
				00E356EF1AD99517003FC87E /* HauvaTests */,
				83CBBA001A601CBA00E9B192 /* Products */,
				2D16E6871FA4F8E400B85C8A /* Frameworks */,
				CE89EC3CA60989D5AB2E42ED /* Pods */,
				9248BDB6F6D544B0BE2428DD /* Resources */,
			);
			indentWidth = 2;
			sourceTree = "<group>";
			tabWidth = 2;
			usesTabs = 0;
		};
		83CBBA001A601CBA00E9B192 /* Products */ = {
			isa = PBXGroup;
			children = (
				13B07F961A680F5B00A75B9A /* Hauva.app */,
				00E356EE1AD99517003FC87E /* HauvaTests.xctest */,
			);
			name = Products;
			sourceTree = "<group>";
		};
		CE89EC3CA60989D5AB2E42ED /* Pods */ = {
			isa = PBXGroup;
			children = (
				8BBBB3F1C2C3563C9E694442 /* Pods-Hauva.debug.xcconfig */,
				CA8656CD8F7C657AB8B9D055 /* Pods-Hauva.release.xcconfig */,
				66C8E75626ED223A1D69E006 /* Pods-Hauva-HauvaTests.debug.xcconfig */,
				7347618D1DCFCB62028678A0 /* Pods-Hauva-HauvaTests.release.xcconfig */,
			);
			name = Pods;
			path = Pods;
			sourceTree = "<group>";
		};
		9248BDB6F6D544B0BE2428DD /* Resources */ = {
			isa = "PBXGroup";
			children = (
				4ADF8FCC50AC429BB12DB29C /* BeVietnamPro-Black.ttf */,
				DCCDCA1AA54E4962B59827FB /* BeVietnamPro-BlackItalic.ttf */,
				F03918C558814460B0911C7C /* BeVietnamPro-Bold.ttf */,
				0ECFAE740DB54AFF9E2D60E6 /* BeVietnamPro-BoldItalic.ttf */,
				B3EE10ED3DA545A5AA22C14F /* BeVietnamPro-ExtraBold.ttf */,
				DC65495D051347B7A202936D /* BeVietnamPro-ExtraBoldItalic.ttf */,
				46FD926729DE41678720C8F4 /* BeVietnamPro-ExtraLight.ttf */,
				10307FCAFA2143D1A8C74A3A /* BeVietnamPro-ExtraLightItalic.ttf */,
				49F4B5E953D645E0821820B8 /* BeVietnamPro-Italic.ttf */,
				370A859B4F3D40639F6162F6 /* BeVietnamPro-Light.ttf */,
				AAB4E3084DEE40CFBFE09E7B /* BeVietnamPro-LightItalic.ttf */,
				F6A75EC5D8B54A799663350C /* BeVietnamPro-Medium.ttf */,
				C3F17211CB344CF7981A2ABC /* BeVietnamPro-MediumItalic.ttf */,
				A427A1C16A8E476FAADC5183 /* BeVietnamPro-Regular.ttf */,
				9FCEAA024DB04E038EF055A8 /* BeVietnamPro-SemiBold.ttf */,
				8D8824C2FCA3416FBD91B3B1 /* BeVietnamPro-SemiBoldItalic.ttf */,
				7D6AA54244B0455DA57B2928 /* BeVietnamPro-Thin.ttf */,
				29EE888CDF0D485AA9776DB1 /* BeVietnamPro-ThinItalic.ttf */,
				4E3EC661ABD34AF28EB1D3C7 /* AntDesign.ttf */,
				ED654FC69FFC44A6881023DC /* Entypo.ttf */,
				C6F3D26330CA4AB0873097D9 /* EvilIcons.ttf */,
				41A7DE65C0254A9B80BB6F73 /* Feather.ttf */,
				868CF26F5B4147ABB64D32BD /* FontAwesome.ttf */,
				D8872D91FFC54A90B1DF9B08 /* FontAwesome5_Brands.ttf */,
				62972F94ECAB46CBA8A7B83F /* FontAwesome5_Regular.ttf */,
				B2C140E622FB41F09DEE994E /* FontAwesome5_Solid.ttf */,
				DA15D282AE7141B3AEBE42B1 /* Fontisto.ttf */,
				EA7F1BF7E0D34B7E9FF93755 /* Foundation.ttf */,
				2D3C59853CBE43108314D4ED /* Ionicons.ttf */,
				50BF1425746B4B17981D0FCF /* MaterialCommunityIcons.ttf */,
				F5CED468F0BE41948BB70B17 /* MaterialIcons.ttf */,
				03F566CDA59749838FAEB46B /* Octicons.ttf */,
				D491C09DE7364C81B0547EE3 /* SimpleLineIcons.ttf */,
				C26BF8EA53274559BA7717E5 /* Zocial.ttf */,
			);
			name = Resources;
			sourceTree = "<group>";
			path = "";
		};
/* End PBXGroup section */

/* Begin PBXNativeTarget section */
		00E356ED1AD99517003FC87E /* HauvaTests */ = {
			isa = PBXNativeTarget;
			buildConfigurationList = 00E357021AD99517003FC87E /* Build configuration list for PBXNativeTarget "HauvaTests" */;
			buildPhases = (
				FAD8C42A71A35A4A087B7FC3 /* [CP] Check Pods Manifest.lock */,
				00E356EA1AD99517003FC87E /* Sources */,
				00E356EB1AD99517003FC87E /* Frameworks */,
				00E356EC1AD99517003FC87E /* Resources */,
				A82161C2D3BA80025B8FAB1E /* [CP] Embed Pods Frameworks */,
				4D4654DF9D0744887140FAD3 /* [CP] Copy Pods Resources */,
			);
			buildRules = (
			);
			dependencies = (
				00E356F51AD99517003FC87E /* PBXTargetDependency */,
			);
			name = HauvaTests;
			productName = HauvaTests;
			productReference = 00E356EE1AD99517003FC87E /* HauvaTests.xctest */;
			productType = "com.apple.product-type.bundle.unit-test";
		};
		13B07F861A680F5B00A75B9A /* Hauva */ = {
			isa = PBXNativeTarget;
			buildConfigurationList = 13B07F931A680F5B00A75B9A /* Build configuration list for PBXNativeTarget "Hauva" */;
			buildPhases = (
				8E3CAFFC7967C99A9DB53AC8 /* [CP] Check Pods Manifest.lock */,
				FD10A7F022414F080027D42C /* Start Packager */,
				13B07F871A680F5B00A75B9A /* Sources */,
				13B07F8C1A680F5B00A75B9A /* Frameworks */,
				13B07F8E1A680F5B00A75B9A /* Resources */,
				00DD1BFF1BD5951E006B06BC /* Bundle React Native code and images */,
				2F4E498120F8695CE28E1DE5 /* [CP] Embed Pods Frameworks */,
				3D4BCD373E5D057C5FB80012 /* [CP] Copy Pods Resources */,
			);
			buildRules = (
			);
			dependencies = (
			);
			name = Hauva;
			productName = Hauva;
			productReference = 13B07F961A680F5B00A75B9A /* Hauva.app */;
			productType = "com.apple.product-type.application";
		};
/* End PBXNativeTarget section */

/* Begin PBXProject section */
		83CBB9F71A601CBA00E9B192 /* Project object */ = {
			isa = PBXProject;
			attributes = {
				LastUpgradeCheck = 1210;
				TargetAttributes = {
					00E356ED1AD99517003FC87E = {
						CreatedOnToolsVersion = 6.2;
						TestTargetID = 13B07F861A680F5B00A75B9A;
					};
					13B07F861A680F5B00A75B9A = {
						LastSwiftMigration = 1120;
					};
				};
			};
			buildConfigurationList = 83CBB9FA1A601CBA00E9B192 /* Build configuration list for PBXProject "Hauva" */;
			compatibilityVersion = "Xcode 12.0";
			developmentRegion = en;
			hasScannedForEncodings = 0;
			knownRegions = (
				en,
				Base,
			);
			mainGroup = 83CBB9F61A601CBA00E9B192;
			productRefGroup = 83CBBA001A601CBA00E9B192 /* Products */;
			projectDirPath = "";
			projectRoot = "";
			targets = (
				13B07F861A680F5B00A75B9A /* Hauva */,
				00E356ED1AD99517003FC87E /* HauvaTests */,
			);
		};
/* End PBXProject section */

/* Begin PBXResourcesBuildPhase section */
		00E356EC1AD99517003FC87E /* Resources */ = {
			isa = PBXResourcesBuildPhase;
			buildActionMask = 2147483647;
			files = (
			);
			runOnlyForDeploymentPostprocessing = 0;
		};
		13B07F8E1A680F5B00A75B9A /* Resources */ = {
			isa = PBXResourcesBuildPhase;
			buildActionMask = 2147483647;
			files = (
				81AB9BB82411601600AC10FF /* LaunchScreen.storyboard in Resources */,
				13B07FBF1A68108700A75B9A /* Images.xcassets in Resources */,
				7CFCB2549F6C4F5CA2E8D876 /* BeVietnamPro-Black.ttf in Resources */,
				E0E5E40DFF094748944F25C4 /* BeVietnamPro-BlackItalic.ttf in Resources */,
				AE11531D1EC1464595FF3007 /* BeVietnamPro-Bold.ttf in Resources */,
				E01352BCF8754E63ACA0C47C /* BeVietnamPro-BoldItalic.ttf in Resources */,
				75685ECFF38A4290B09BB52D /* BeVietnamPro-ExtraBold.ttf in Resources */,
				79A89D58071B4AF7B92C86C5 /* BeVietnamPro-ExtraBoldItalic.ttf in Resources */,
				2DEEF80EE3D74DC5BBE4F7BE /* BeVietnamPro-ExtraLight.ttf in Resources */,
				10BBDB2CC90E4F05979EC092 /* BeVietnamPro-ExtraLightItalic.ttf in Resources */,
				BE0AB2F583104A96910783EE /* BeVietnamPro-Italic.ttf in Resources */,
				82F264F347B2463A88E9E50D /* BeVietnamPro-Light.ttf in Resources */,
				49EF92D8EDCE48EBAE1945B1 /* BeVietnamPro-LightItalic.ttf in Resources */,
				ED130BFE422B4A838D523D58 /* BeVietnamPro-Medium.ttf in Resources */,
				BCB9E2E861AA4048825B7C25 /* BeVietnamPro-MediumItalic.ttf in Resources */,
				46628D0F8D044A6AA8D87B55 /* BeVietnamPro-Regular.ttf in Resources */,
				4035431F3AAC4A18A5B7F3AA /* BeVietnamPro-SemiBold.ttf in Resources */,
				A3E7EEE6D13B49CF8F1E9709 /* BeVietnamPro-SemiBoldItalic.ttf in Resources */,
				97ACFE66FF5945D7B1CDF061 /* BeVietnamPro-Thin.ttf in Resources */,
				562097AC58AD48A9947273F7 /* BeVietnamPro-ThinItalic.ttf in Resources */,
				2F0D3592C111425F9820B609 /* AntDesign.ttf in Resources */,
				767ACD02B8E14C10B8B6597D /* Entypo.ttf in Resources */,
				6E07A82F5E4543BF87475074 /* EvilIcons.ttf in Resources */,
				D5A9AFB399104AB19C7F6851 /* Feather.ttf in Resources */,
				0D66845450984C4BB779CFC1 /* FontAwesome.ttf in Resources */,
				8C290CCE97954C599E653914 /* FontAwesome5_Brands.ttf in Resources */,
				793DC57DDC9C4B3488EABBCC /* FontAwesome5_Regular.ttf in Resources */,
				2E41C75E8F3444A68A3FA956 /* FontAwesome5_Solid.ttf in Resources */,
				1451FD5ECB044A3392FFB7BA /* Fontisto.ttf in Resources */,
				85EE1C50DFE749CDA5960670 /* Foundation.ttf in Resources */,
				5C43AFFDFE944A30BB35F7CE /* Ionicons.ttf in Resources */,
				BD18B63395AE4F68BF188F9A /* MaterialCommunityIcons.ttf in Resources */,
				C83D4A5D6BF44DF0BB8AC884 /* MaterialIcons.ttf in Resources */,
				13827E10DEB24CAA9304E46F /* Octicons.ttf in Resources */,
				744A71E59D0F4AB588369C5B /* SimpleLineIcons.ttf in Resources */,
				993E3855F59D4CC69803C40B /* Zocial.ttf in Resources */,
			);
			runOnlyForDeploymentPostprocessing = 0;
		};
/* End PBXResourcesBuildPhase section */

/* Begin PBXShellScriptBuildPhase section */
		00DD1BFF1BD5951E006B06BC /* Bundle React Native code and images */ = {
			isa = PBXShellScriptBuildPhase;
			buildActionMask = 2147483647;
			files = (
			);
			inputPaths = (
			);
			name = "Bundle React Native code and images";
			outputPaths = (
			);
			runOnlyForDeploymentPostprocessing = 0;
			shellPath = /bin/sh;
			shellScript = "set -e\n\nexport NODE_BINARY=node\n../node_modules/react-native/scripts/react-native-xcode.sh\n";
		};
		2F4E498120F8695CE28E1DE5 /* [CP] Embed Pods Frameworks */ = {
			isa = PBXShellScriptBuildPhase;
			buildActionMask = 2147483647;
			files = (
			);
			inputFileListPaths = (
				"${PODS_ROOT}/Target Support Files/Pods-Hauva/Pods-Hauva-frameworks-${CONFIGURATION}-input-files.xcfilelist",
			);
			name = "[CP] Embed Pods Frameworks";
			outputFileListPaths = (
				"${PODS_ROOT}/Target Support Files/Pods-Hauva/Pods-Hauva-frameworks-${CONFIGURATION}-output-files.xcfilelist",
			);
			runOnlyForDeploymentPostprocessing = 0;
			shellPath = /bin/sh;
			shellScript = "\"${PODS_ROOT}/Target Support Files/Pods-Hauva/Pods-Hauva-frameworks.sh\"\n";
			showEnvVarsInLog = 0;
		};
		3D4BCD373E5D057C5FB80012 /* [CP] Copy Pods Resources */ = {
			isa = PBXShellScriptBuildPhase;
			buildActionMask = 2147483647;
			files = (
			);
			inputFileListPaths = (
				"${PODS_ROOT}/Target Support Files/Pods-Hauva/Pods-Hauva-resources-${CONFIGURATION}-input-files.xcfilelist",
			);
			name = "[CP] Copy Pods Resources";
			outputFileListPaths = (
				"${PODS_ROOT}/Target Support Files/Pods-Hauva/Pods-Hauva-resources-${CONFIGURATION}-output-files.xcfilelist",
			);
			runOnlyForDeploymentPostprocessing = 0;
			shellPath = /bin/sh;
			shellScript = "\"${PODS_ROOT}/Target Support Files/Pods-Hauva/Pods-Hauva-resources.sh\"\n";
			showEnvVarsInLog = 0;
		};
		4D4654DF9D0744887140FAD3 /* [CP] Copy Pods Resources */ = {
			isa = PBXShellScriptBuildPhase;
			buildActionMask = 2147483647;
			files = (
			);
			inputFileListPaths = (
				"${PODS_ROOT}/Target Support Files/Pods-Hauva-HauvaTests/Pods-Hauva-HauvaTests-resources-${CONFIGURATION}-input-files.xcfilelist",
			);
			name = "[CP] Copy Pods Resources";
			outputFileListPaths = (
				"${PODS_ROOT}/Target Support Files/Pods-Hauva-HauvaTests/Pods-Hauva-HauvaTests-resources-${CONFIGURATION}-output-files.xcfilelist",
			);
			runOnlyForDeploymentPostprocessing = 0;
			shellPath = /bin/sh;
			shellScript = "\"${PODS_ROOT}/Target Support Files/Pods-Hauva-HauvaTests/Pods-Hauva-HauvaTests-resources.sh\"\n";
			showEnvVarsInLog = 0;
		};
		8E3CAFFC7967C99A9DB53AC8 /* [CP] Check Pods Manifest.lock */ = {
			isa = PBXShellScriptBuildPhase;
			buildActionMask = 2147483647;
			files = (
			);
			inputFileListPaths = (
			);
			inputPaths = (
				"${PODS_PODFILE_DIR_PATH}/Podfile.lock",
				"${PODS_ROOT}/Manifest.lock",
			);
			name = "[CP] Check Pods Manifest.lock";
			outputFileListPaths = (
			);
			outputPaths = (
				"$(DERIVED_FILE_DIR)/Pods-Hauva-checkManifestLockResult.txt",
			);
			runOnlyForDeploymentPostprocessing = 0;
			shellPath = /bin/sh;
			shellScript = "diff \"${PODS_PODFILE_DIR_PATH}/Podfile.lock\" \"${PODS_ROOT}/Manifest.lock\" > /dev/null\nif [ $? != 0 ] ; then\n    # print error to STDERR\n    echo \"error: The sandbox is not in sync with the Podfile.lock. Run 'pod install' or update your CocoaPods installation.\" >&2\n    exit 1\nfi\n# This output is used by Xcode 'outputs' to avoid re-running this script phase.\necho \"SUCCESS\" > \"${SCRIPT_OUTPUT_FILE_0}\"\n";
			showEnvVarsInLog = 0;
		};
		A82161C2D3BA80025B8FAB1E /* [CP] Embed Pods Frameworks */ = {
			isa = PBXShellScriptBuildPhase;
			buildActionMask = 2147483647;
			files = (
			);
			inputFileListPaths = (
				"${PODS_ROOT}/Target Support Files/Pods-Hauva-HauvaTests/Pods-Hauva-HauvaTests-frameworks-${CONFIGURATION}-input-files.xcfilelist",
			);
			name = "[CP] Embed Pods Frameworks";
			outputFileListPaths = (
				"${PODS_ROOT}/Target Support Files/Pods-Hauva-HauvaTests/Pods-Hauva-HauvaTests-frameworks-${CONFIGURATION}-output-files.xcfilelist",
			);
			runOnlyForDeploymentPostprocessing = 0;
			shellPath = /bin/sh;
			shellScript = "\"${PODS_ROOT}/Target Support Files/Pods-Hauva-HauvaTests/Pods-Hauva-HauvaTests-frameworks.sh\"\n";
			showEnvVarsInLog = 0;
		};
		FAD8C42A71A35A4A087B7FC3 /* [CP] Check Pods Manifest.lock */ = {
			isa = PBXShellScriptBuildPhase;
			buildActionMask = 2147483647;
			files = (
			);
			inputFileListPaths = (
			);
			inputPaths = (
				"${PODS_PODFILE_DIR_PATH}/Podfile.lock",
				"${PODS_ROOT}/Manifest.lock",
			);
			name = "[CP] Check Pods Manifest.lock";
			outputFileListPaths = (
			);
			outputPaths = (
				"$(DERIVED_FILE_DIR)/Pods-Hauva-HauvaTests-checkManifestLockResult.txt",
			);
			runOnlyForDeploymentPostprocessing = 0;
			shellPath = /bin/sh;
			shellScript = "diff \"${PODS_PODFILE_DIR_PATH}/Podfile.lock\" \"${PODS_ROOT}/Manifest.lock\" > /dev/null\nif [ $? != 0 ] ; then\n    # print error to STDERR\n    echo \"error: The sandbox is not in sync with the Podfile.lock. Run 'pod install' or update your CocoaPods installation.\" >&2\n    exit 1\nfi\n# This output is used by Xcode 'outputs' to avoid re-running this script phase.\necho \"SUCCESS\" > \"${SCRIPT_OUTPUT_FILE_0}\"\n";
			showEnvVarsInLog = 0;
		};
		FD10A7F022414F080027D42C /* Start Packager */ = {
			isa = PBXShellScriptBuildPhase;
			buildActionMask = 2147483647;
			files = (
			);
			inputFileListPaths = (
			);
			inputPaths = (
			);
			name = "Start Packager";
			outputFileListPaths = (
			);
			outputPaths = (
			);
			runOnlyForDeploymentPostprocessing = 0;
			shellPath = /bin/sh;
			shellScript = "export RCT_METRO_PORT=\"${RCT_METRO_PORT:=8081}\"\necho \"export RCT_METRO_PORT=${RCT_METRO_PORT}\" > \"${SRCROOT}/../node_modules/react-native/scripts/.packager.env\"\nif [ -z \"${RCT_NO_LAUNCH_PACKAGER+xxx}\" ] ; then\n  if nc -w 5 -z localhost ${RCT_METRO_PORT} ; then\n    if ! curl -s \"http://localhost:${RCT_METRO_PORT}/status\" | grep -q \"packager-status:running\" ; then\n      echo \"Port ${RCT_METRO_PORT} already in use, packager is either not running or not running correctly\"\n      exit 2\n    fi\n  else\n    open \"$SRCROOT/../node_modules/react-native/scripts/launchPackager.command\" || echo \"Can't start packager automatically\"\n  fi\nfi\n";
			showEnvVarsInLog = 0;
		};
/* End PBXShellScriptBuildPhase section */

/* Begin PBXSourcesBuildPhase section */
		00E356EA1AD99517003FC87E /* Sources */ = {
			isa = PBXSourcesBuildPhase;
			buildActionMask = 2147483647;
			files = (
				00E356F31AD99517003FC87E /* HauvaTests.m in Sources */,
			);
			runOnlyForDeploymentPostprocessing = 0;
		};
		13B07F871A680F5B00A75B9A /* Sources */ = {
			isa = PBXSourcesBuildPhase;
			buildActionMask = 2147483647;
			files = (
				13B07FBC1A68108700A75B9A /* AppDelegate.m in Sources */,
				13B07FC11A68108700A75B9A /* main.m in Sources */,
			);
			runOnlyForDeploymentPostprocessing = 0;
		};
/* End PBXSourcesBuildPhase section */

/* Begin PBXTargetDependency section */
		00E356F51AD99517003FC87E /* PBXTargetDependency */ = {
			isa = PBXTargetDependency;
			target = 13B07F861A680F5B00A75B9A /* Hauva */;
			targetProxy = 00E356F41AD99517003FC87E /* PBXContainerItemProxy */;
		};
/* End PBXTargetDependency section */

/* Begin XCBuildConfiguration section */
		00E356F61AD99517003FC87E /* Debug */ = {
			isa = XCBuildConfiguration;
			baseConfigurationReference = 66C8E75626ED223A1D69E006 /* Pods-Hauva-HauvaTests.debug.xcconfig */;
			buildSettings = {
				BUNDLE_LOADER = "$(TEST_HOST)";
				GCC_PREPROCESSOR_DEFINITIONS = (
					"DEBUG=1",
					"$(inherited)",
				);
				INFOPLIST_FILE = HauvaTests/Info.plist;
				IPHONEOS_DEPLOYMENT_TARGET = 11.0;
				LD_RUNPATH_SEARCH_PATHS = (
					"$(inherited)",
					"@executable_path/Frameworks",
					"@loader_path/Frameworks",
				);
				OTHER_LDFLAGS = (
					"-ObjC",
					"-lc++",
					"$(inherited)",
				);
				PRODUCT_BUNDLE_IDENTIFIER = "org.reactjs.native.example.$(PRODUCT_NAME:rfc1034identifier)";
				PRODUCT_NAME = "$(TARGET_NAME)";
				TEST_HOST = "$(BUILT_PRODUCTS_DIR)/Hauva.app/Hauva";
			};
			name = Debug;
		};
		00E356F71AD99517003FC87E /* Release */ = {
			isa = XCBuildConfiguration;
			baseConfigurationReference = 7347618D1DCFCB62028678A0 /* Pods-Hauva-HauvaTests.release.xcconfig */;
			buildSettings = {
				BUNDLE_LOADER = "$(TEST_HOST)";
				COPY_PHASE_STRIP = NO;
				INFOPLIST_FILE = HauvaTests/Info.plist;
				IPHONEOS_DEPLOYMENT_TARGET = 11.0;
				LD_RUNPATH_SEARCH_PATHS = (
					"$(inherited)",
					"@executable_path/Frameworks",
					"@loader_path/Frameworks",
				);
				OTHER_LDFLAGS = (
					"-ObjC",
					"-lc++",
					"$(inherited)",
				);
				PRODUCT_BUNDLE_IDENTIFIER = "org.reactjs.native.example.$(PRODUCT_NAME:rfc1034identifier)";
				PRODUCT_NAME = "$(TARGET_NAME)";
				TEST_HOST = "$(BUILT_PRODUCTS_DIR)/Hauva.app/Hauva";
			};
			name = Release;
		};
		13B07F941A680F5B00A75B9A /* Debug */ = {
			isa = XCBuildConfiguration;
			baseConfigurationReference = 8BBBB3F1C2C3563C9E694442 /* Pods-Hauva.debug.xcconfig */;
			buildSettings = {
				ASSETCATALOG_COMPILER_APPICON_NAME = AppIcon;
				CLANG_ENABLE_MODULES = YES;
				CURRENT_PROJECT_VERSION = 1;
				ENABLE_BITCODE = NO;
				INFOPLIST_FILE = Hauva/Info.plist;
				LD_RUNPATH_SEARCH_PATHS = (
					"$(inherited)",
					"@executable_path/Frameworks",
				);
				OTHER_LDFLAGS = (
					"$(inherited)",
					"-ObjC",
					"-lc++",
				);
				PRODUCT_BUNDLE_IDENTIFIER = "org.reactjs.native.example.$(PRODUCT_NAME:rfc1034identifier)";
				PRODUCT_NAME = Hauva;
				SWIFT_OPTIMIZATION_LEVEL = "-Onone";
				SWIFT_VERSION = 5.0;
				VERSIONING_SYSTEM = "apple-generic";
			};
			name = Debug;
		};
		13B07F951A680F5B00A75B9A /* Release */ = {
			isa = XCBuildConfiguration;
			baseConfigurationReference = CA8656CD8F7C657AB8B9D055 /* Pods-Hauva.release.xcconfig */;
			buildSettings = {
				ASSETCATALOG_COMPILER_APPICON_NAME = AppIcon;
				CLANG_ENABLE_MODULES = YES;
				CURRENT_PROJECT_VERSION = 1;
				INFOPLIST_FILE = Hauva/Info.plist;
				LD_RUNPATH_SEARCH_PATHS = (
					"$(inherited)",
					"@executable_path/Frameworks",
				);
				OTHER_LDFLAGS = (
					"$(inherited)",
					"-ObjC",
					"-lc++",
				);
				PRODUCT_BUNDLE_IDENTIFIER = "org.reactjs.native.example.$(PRODUCT_NAME:rfc1034identifier)";
				PRODUCT_NAME = Hauva;
				SWIFT_VERSION = 5.0;
				VERSIONING_SYSTEM = "apple-generic";
			};
			name = Release;
		};
		83CBBA201A601CBA00E9B192 /* Debug */ = {
			isa = XCBuildConfiguration;
			buildSettings = {
				ALWAYS_SEARCH_USER_PATHS = NO;
				CLANG_ANALYZER_LOCALIZABILITY_NONLOCALIZED = YES;
				CLANG_CXX_LANGUAGE_STANDARD = "gnu++0x";
				CLANG_CXX_LIBRARY = "libc++";
				CLANG_ENABLE_MODULES = YES;
				CLANG_ENABLE_OBJC_ARC = YES;
				CLANG_WARN_BLOCK_CAPTURE_AUTORELEASING = YES;
				CLANG_WARN_BOOL_CONVERSION = YES;
				CLANG_WARN_COMMA = YES;
				CLANG_WARN_CONSTANT_CONVERSION = YES;
				CLANG_WARN_DEPRECATED_OBJC_IMPLEMENTATIONS = YES;
				CLANG_WARN_DIRECT_OBJC_ISA_USAGE = YES_ERROR;
				CLANG_WARN_EMPTY_BODY = YES;
				CLANG_WARN_ENUM_CONVERSION = YES;
				CLANG_WARN_INFINITE_RECURSION = YES;
				CLANG_WARN_INT_CONVERSION = YES;
				CLANG_WARN_NON_LITERAL_NULL_CONVERSION = YES;
				CLANG_WARN_OBJC_IMPLICIT_RETAIN_SELF = YES;
				CLANG_WARN_OBJC_LITERAL_CONVERSION = YES;
				CLANG_WARN_OBJC_ROOT_CLASS = YES_ERROR;
				CLANG_WARN_QUOTED_INCLUDE_IN_FRAMEWORK_HEADER = YES;
				CLANG_WARN_RANGE_LOOP_ANALYSIS = YES;
				CLANG_WARN_STRICT_PROTOTYPES = YES;
				CLANG_WARN_SUSPICIOUS_MOVE = YES;
				CLANG_WARN_UNREACHABLE_CODE = YES;
				CLANG_WARN__DUPLICATE_METHOD_MATCH = YES;
				"CODE_SIGN_IDENTITY[sdk=iphoneos*]" = "iPhone Developer";
				COPY_PHASE_STRIP = NO;
				ENABLE_STRICT_OBJC_MSGSEND = YES;
				ENABLE_TESTABILITY = YES;
				"EXCLUDED_ARCHS[sdk=iphonesimulator*]" = "";
				GCC_C_LANGUAGE_STANDARD = gnu99;
				GCC_DYNAMIC_NO_PIC = NO;
				GCC_NO_COMMON_BLOCKS = YES;
				GCC_OPTIMIZATION_LEVEL = 0;
				GCC_PREPROCESSOR_DEFINITIONS = (
					"DEBUG=1",
					"$(inherited)",
				);
				GCC_SYMBOLS_PRIVATE_EXTERN = NO;
				GCC_WARN_64_TO_32_BIT_CONVERSION = YES;
				GCC_WARN_ABOUT_RETURN_TYPE = YES_ERROR;
				GCC_WARN_UNDECLARED_SELECTOR = YES;
				GCC_WARN_UNINITIALIZED_AUTOS = YES_AGGRESSIVE;
				GCC_WARN_UNUSED_FUNCTION = YES;
				GCC_WARN_UNUSED_VARIABLE = YES;
				IPHONEOS_DEPLOYMENT_TARGET = 11.0;
				LD_RUNPATH_SEARCH_PATHS = (
					/usr/lib/swift,
					"$(inherited)",
				);
				LIBRARY_SEARCH_PATHS = (
					"\"$(SDKROOT)/usr/lib/swift\"",
					"\"$(TOOLCHAIN_DIR)/usr/lib/swift/$(PLATFORM_NAME)\"",
					"\"$(inherited)\"",
				);
				MTL_ENABLE_DEBUG_INFO = YES;
				ONLY_ACTIVE_ARCH = YES;
				SDKROOT = iphoneos;
			};
			name = Debug;
		};
		83CBBA211A601CBA00E9B192 /* Release */ = {
			isa = XCBuildConfiguration;
			buildSettings = {
				ALWAYS_SEARCH_USER_PATHS = NO;
				CLANG_ANALYZER_LOCALIZABILITY_NONLOCALIZED = YES;
				CLANG_CXX_LANGUAGE_STANDARD = "gnu++0x";
				CLANG_CXX_LIBRARY = "libc++";
				CLANG_ENABLE_MODULES = YES;
				CLANG_ENABLE_OBJC_ARC = YES;
				CLANG_WARN_BLOCK_CAPTURE_AUTORELEASING = YES;
				CLANG_WARN_BOOL_CONVERSION = YES;
				CLANG_WARN_COMMA = YES;
				CLANG_WARN_CONSTANT_CONVERSION = YES;
				CLANG_WARN_DEPRECATED_OBJC_IMPLEMENTATIONS = YES;
				CLANG_WARN_DIRECT_OBJC_ISA_USAGE = YES_ERROR;
				CLANG_WARN_EMPTY_BODY = YES;
				CLANG_WARN_ENUM_CONVERSION = YES;
				CLANG_WARN_INFINITE_RECURSION = YES;
				CLANG_WARN_INT_CONVERSION = YES;
				CLANG_WARN_NON_LITERAL_NULL_CONVERSION = YES;
				CLANG_WARN_OBJC_IMPLICIT_RETAIN_SELF = YES;
				CLANG_WARN_OBJC_LITERAL_CONVERSION = YES;
				CLANG_WARN_OBJC_ROOT_CLASS = YES_ERROR;
				CLANG_WARN_QUOTED_INCLUDE_IN_FRAMEWORK_HEADER = YES;
				CLANG_WARN_RANGE_LOOP_ANALYSIS = YES;
				CLANG_WARN_STRICT_PROTOTYPES = YES;
				CLANG_WARN_SUSPICIOUS_MOVE = YES;
				CLANG_WARN_UNREACHABLE_CODE = YES;
				CLANG_WARN__DUPLICATE_METHOD_MATCH = YES;
				"CODE_SIGN_IDENTITY[sdk=iphoneos*]" = "iPhone Developer";
				COPY_PHASE_STRIP = YES;
				ENABLE_NS_ASSERTIONS = NO;
				ENABLE_STRICT_OBJC_MSGSEND = YES;
				"EXCLUDED_ARCHS[sdk=iphonesimulator*]" = "";
				GCC_C_LANGUAGE_STANDARD = gnu99;
				GCC_NO_COMMON_BLOCKS = YES;
				GCC_WARN_64_TO_32_BIT_CONVERSION = YES;
				GCC_WARN_ABOUT_RETURN_TYPE = YES_ERROR;
				GCC_WARN_UNDECLARED_SELECTOR = YES;
				GCC_WARN_UNINITIALIZED_AUTOS = YES_AGGRESSIVE;
				GCC_WARN_UNUSED_FUNCTION = YES;
				GCC_WARN_UNUSED_VARIABLE = YES;
				IPHONEOS_DEPLOYMENT_TARGET = 11.0;
				LD_RUNPATH_SEARCH_PATHS = (
					/usr/lib/swift,
					"$(inherited)",
				);
				LIBRARY_SEARCH_PATHS = (
					"\"$(SDKROOT)/usr/lib/swift\"",
					"\"$(TOOLCHAIN_DIR)/usr/lib/swift/$(PLATFORM_NAME)\"",
					"\"$(inherited)\"",
				);
				MTL_ENABLE_DEBUG_INFO = NO;
				SDKROOT = iphoneos;
				VALIDATE_PRODUCT = YES;
			};
			name = Release;
		};
/* End XCBuildConfiguration section */

/* Begin XCConfigurationList section */
		00E357021AD99517003FC87E /* Build configuration list for PBXNativeTarget "HauvaTests" */ = {
			isa = XCConfigurationList;
			buildConfigurations = (
				00E356F61AD99517003FC87E /* Debug */,
				00E356F71AD99517003FC87E /* Release */,
			);
			defaultConfigurationIsVisible = 0;
			defaultConfigurationName = Release;
		};
		13B07F931A680F5B00A75B9A /* Build configuration list for PBXNativeTarget "Hauva" */ = {
			isa = XCConfigurationList;
			buildConfigurations = (
				13B07F941A680F5B00A75B9A /* Debug */,
				13B07F951A680F5B00A75B9A /* Release */,
			);
			defaultConfigurationIsVisible = 0;
			defaultConfigurationName = Release;
		};
		83CBB9FA1A601CBA00E9B192 /* Build configuration list for PBXProject "Hauva" */ = {
			isa = XCConfigurationList;
			buildConfigurations = (
				83CBBA201A601CBA00E9B192 /* Debug */,
				83CBBA211A601CBA00E9B192 /* Release */,
			);
			defaultConfigurationIsVisible = 0;
			defaultConfigurationName = Release;
		};
/* End XCConfigurationList section */
	};
	rootObject = 83CBB9F71A601CBA00E9B192 /* Project object */;
}
